
Microsoft Visual Studio Solution File, Format Version 12.00
# Visual Studio Version 17
VisualStudioVersion = 17.10.35122.118
MinimumVisualStudioVersion = 10.0.40219.1
Project("{FAE04EC0-301F-11D3-BF4B-00C04F79EFBC}") = "gcapi", "gcapi\gcapi.csproj", "{436C56A3-B5DD-4CD8-9685-8BC9C16263C2}"
EndProject
Global
	GlobalSection(SolutionConfigurationPlatforms) = preSolution
		Debug|Any CPU = Debug|Any CPU
		Release|Any CPU = Release|Any CPU
	EndGlobalSection
	GlobalSection(ProjectConfigurationPlatforms) = postSolution
		{436C56A3-B5DD-4CD8-9685-8BC9C16263C2}.Debug|Any CPU.ActiveCfg = Debug|Any CPU
		{436C56A3-B5DD-4CD8-9685-8BC9C16263C2}.Debug|Any CPU.Build.0 = Debug|Any CPU
		{436C56A3-B5DD-4CD8-9685-8BC9C16263C2}.Release|Any CPU.ActiveCfg = Release|Any CPU
		{436C56A3-B5DD-4CD8-9685-8BC9C16263C2}.Release|Any CPU.Build.0 = Release|Any CPU
	EndGlobalSection
	GlobalSection(SolutionProperties) = preSolution
		HideSolutionNode = FALSE
	EndGlobalSection
	GlobalSection(ExtensibilityGlobals) = postSolution
		SolutionGuid = {EFEB9768-301B-4FDF-A4E1-95F8AD878F0C}
	EndGlobalSection
EndGlobal
